
Microsoft Visual Studio Solution File, Format Version 12.00
# Visual Studio Version 17
VisualStudioVersion = 17.4.33213.308
MinimumVisualStudioVersion = 10.0.40219.1
Project("{9A19103F-16F7-4668-BE54-9A1E7A4F7556}") = "FormulaEvaluator", "FormulaEvaluator\FormulaEvaluator.csproj", "{53CBEC7A-0909-4270-B430-931E95A3AEFF}"
EndProject
Project("{2150E333-8FDC-42A3-9474-1A3956D46DE8}") = "Solution Items", "Solution Items", "{92424E34-C4F0-49CF-B369-AC2DBC94C854}"
	ProjectSection(SolutionItems) = preProject
		README.md = README.md
	EndProjectSection
EndProject
Project("{9A19103F-16F7-4668-BE54-9A1E7A4F7556}") = "FormulaEvaluatorTester", "FormulaEvaluatorTester\FormulaEvaluatorTester.csproj", "{A5ADD6B0-A978-401F-A102-6586C980D25B}"
EndProject
Project("{2150E333-8FDC-42A3-9474-1A3956D46DE8}") = "Spreadsheet", "Spreadsheet", "{2202CE29-7EC6-4DBB-98E5-1E330D2D23EC}"
EndProject
Project("{9A19103F-16F7-4668-BE54-9A1E7A4F7556}") = "DependencyGraph", "DependencyGraph\DependencyGraph.csproj", "{73400473-DC3B-4228-8C81-962EEDAE0BE7}"
EndProject
Project("{9A19103F-16F7-4668-BE54-9A1E7A4F7556}") = "DependencyGraphTests", "DependencyGraphTests\DependencyGraphTests.csproj", "{55363F2B-8930-4D0D-B2C8-D5DA0FCC33B2}"
EndProject
Project("{9A19103F-16F7-4668-BE54-9A1E7A4F7556}") = "GradingTests", "GradingTests\GradingTests.csproj", "{3EAFBAC6-5A53-4289-9144-9BED9DD93509}"
EndProject
Project("{9A19103F-16F7-4668-BE54-9A1E7A4F7556}") = "Formula", "Formula\Formula.csproj", "{AD48CEA9-7734-4380-808A-7E3CC499B577}"
EndProject
Project("{FAE04EC0-301F-11D3-BF4B-00C04F79EFBC}") = "FormulaTests", "FormulaTests\FormulaTests.csproj", "{215F87A4-6240-444E-9F54-86ED9836BFBA}"
EndProject
Global
	GlobalSection(SolutionConfigurationPlatforms) = preSolution
		Debug|Any CPU = Debug|Any CPU
		Release|Any CPU = Release|Any CPU
	EndGlobalSection
	GlobalSection(ProjectConfigurationPlatforms) = postSolution
		{53CBEC7A-0909-4270-B430-931E95A3AEFF}.Debug|Any CPU.ActiveCfg = Debug|Any CPU
		{53CBEC7A-0909-4270-B430-931E95A3AEFF}.Debug|Any CPU.Build.0 = Debug|Any CPU
		{53CBEC7A-0909-4270-B430-931E95A3AEFF}.Release|Any CPU.ActiveCfg = Release|Any CPU
		{53CBEC7A-0909-4270-B430-931E95A3AEFF}.Release|Any CPU.Build.0 = Release|Any CPU
		{A5ADD6B0-A978-401F-A102-6586C980D25B}.Debug|Any CPU.ActiveCfg = Debug|Any CPU
		{A5ADD6B0-A978-401F-A102-6586C980D25B}.Debug|Any CPU.Build.0 = Debug|Any CPU
		{A5ADD6B0-A978-401F-A102-6586C980D25B}.Release|Any CPU.ActiveCfg = Release|Any CPU
		{A5ADD6B0-A978-401F-A102-6586C980D25B}.Release|Any CPU.Build.0 = Release|Any CPU
		{73400473-DC3B-4228-8C81-962EEDAE0BE7}.Debug|Any CPU.ActiveCfg = Debug|Any CPU
		{73400473-DC3B-4228-8C81-962EEDAE0BE7}.Debug|Any CPU.Build.0 = Debug|Any CPU
		{73400473-DC3B-4228-8C81-962EEDAE0BE7}.Release|Any CPU.ActiveCfg = Release|Any CPU
		{73400473-DC3B-4228-8C81-962EEDAE0BE7}.Release|Any CPU.Build.0 = Release|Any CPU
		{55363F2B-8930-4D0D-B2C8-D5DA0FCC33B2}.Debug|Any CPU.ActiveCfg = Debug|Any CPU
		{55363F2B-8930-4D0D-B2C8-D5DA0FCC33B2}.Debug|Any CPU.Build.0 = Debug|Any CPU
		{55363F2B-8930-4D0D-B2C8-D5DA0FCC33B2}.Release|Any CPU.ActiveCfg = Release|Any CPU
		{55363F2B-8930-4D0D-B2C8-D5DA0FCC33B2}.Release|Any CPU.Build.0 = Release|Any CPU
		{3EAFBAC6-5A53-4289-9144-9BED9DD93509}.Debug|Any CPU.ActiveCfg = Debug|Any CPU
		{3EAFBAC6-5A53-4289-9144-9BED9DD93509}.Debug|Any CPU.Build.0 = Debug|Any CPU
		{3EAFBAC6-5A53-4289-9144-9BED9DD93509}.Release|Any CPU.ActiveCfg = Release|Any CPU
		{3EAFBAC6-5A53-4289-9144-9BED9DD93509}.Release|Any CPU.Build.0 = Release|Any CPU
		{AD48CEA9-7734-4380-808A-7E3CC499B577}.Debug|Any CPU.ActiveCfg = Debug|Any CPU
		{AD48CEA9-7734-4380-808A-7E3CC499B577}.Debug|Any CPU.Build.0 = Debug|Any CPU
		{AD48CEA9-7734-4380-808A-7E3CC499B577}.Release|Any CPU.ActiveCfg = Release|Any CPU
		{AD48CEA9-7734-4380-808A-7E3CC499B577}.Release|Any CPU.Build.0 = Release|Any CPU
		{215F87A4-6240-444E-9F54-86ED9836BFBA}.Debug|Any CPU.ActiveCfg = Debug|Any CPU
		{215F87A4-6240-444E-9F54-86ED9836BFBA}.Debug|Any CPU.Build.0 = Debug|Any CPU
		{215F87A4-6240-444E-9F54-86ED9836BFBA}.Release|Any CPU.ActiveCfg = Release|Any CPU
		{215F87A4-6240-444E-9F54-86ED9836BFBA}.Release|Any CPU.Build.0 = Release|Any CPU
	EndGlobalSection
	GlobalSection(SolutionProperties) = preSolution
		HideSolutionNode = FALSE
	EndGlobalSection
	GlobalSection(NestedProjects) = preSolution
		{53CBEC7A-0909-4270-B430-931E95A3AEFF} = {2202CE29-7EC6-4DBB-98E5-1E330D2D23EC}
		{92424E34-C4F0-49CF-B369-AC2DBC94C854} = {2202CE29-7EC6-4DBB-98E5-1E330D2D23EC}
		{A5ADD6B0-A978-401F-A102-6586C980D25B} = {2202CE29-7EC6-4DBB-98E5-1E330D2D23EC}
		{73400473-DC3B-4228-8C81-962EEDAE0BE7} = {2202CE29-7EC6-4DBB-98E5-1E330D2D23EC}
		{55363F2B-8930-4D0D-B2C8-D5DA0FCC33B2} = {2202CE29-7EC6-4DBB-98E5-1E330D2D23EC}
		{3EAFBAC6-5A53-4289-9144-9BED9DD93509} = {2202CE29-7EC6-4DBB-98E5-1E330D2D23EC}
		{AD48CEA9-7734-4380-808A-7E3CC499B577} = {2202CE29-7EC6-4DBB-98E5-1E330D2D23EC}
		{215F87A4-6240-444E-9F54-86ED9836BFBA} = {2202CE29-7EC6-4DBB-98E5-1E330D2D23EC}
	EndGlobalSection
	GlobalSection(ExtensibilityGlobals) = postSolution
		SolutionGuid = {1ECEC859-DED7-4E45-94B3-70ED1B07F409}
	EndGlobalSection
EndGlobal
